{
  "name": "angular-typed-forms-helpers",
  "version": "1.5.0",
  "lockfileVersion": 2,
  "requires": true,
  "packages": {
    "": {
      "dependencies": {
        "@angular/forms": "^18.0.0"
      },
      "devDependencies": {
        "typescript": "^5.4.0"
      }
    },
    "node_modules/@angular/common": {
      "version": "18.1.1",
      "resolved": "https://registry.npmjs.org/@angular/common/-/common-18.1.1.tgz",
      "integrity": "sha512-qNfYAapvIi8JyQToSqbg3O5dRXaElv/yNp2evvBGn4UO/liHjdNV/DzgCdyKP7uVbYrR0W3bzj++SxVR3mrATQ==",
      "peer": true,
      "dependencies": {
        "tslib": "^2.3.0"
      },
      "engines": {
        "node": "^18.19.1 || ^20.11.1 || >=22.0.0"
      },
      "peerDependencies": {
        "@angular/core": "18.1.1",
        "rxjs": "^6.5.3 || ^7.4.0"
      }
    },
    "node_modules/@angular/core": {
      "version": "18.1.1",
      "resolved": "https://registry.npmjs.org/@angular/core/-/core-18.1.1.tgz",
      "integrity": "sha512-/JFQ49fVIthZzdggl7FOCYAjaynbkRcCyiri85kAyTIvJ6aMSIiEKwJCw45WI5ICf2HtC9kz6dr0OKhMR6SeiA==",
      "peer": true,
      "dependencies": {
        "tslib": "^2.3.0"
      },
      "engines": {
        "node": "^18.19.1 || ^20.11.1 || >=22.0.0"
      },
      "peerDependencies": {
        "rxjs": "^6.5.3 || ^7.4.0",
        "zone.js": "~0.14.0"
      }
    },
    "node_modules/@angular/forms": {
      "version": "18.1.1",
      "resolved": "https://registry.npmjs.org/@angular/forms/-/forms-18.1.1.tgz",
      "integrity": "sha512-CceH57IKeH2Zq8QFFkcJMvBbjxVRCtqzAqSETfShWzrt+ITrz4c6EnUMbj30iz+ntn/R+qGAp3n/t0D7HtTS6Q==",
      "dependencies": {
        "tslib": "^2.3.0"
      },
      "engines": {
        "node": "^18.19.1 || ^20.11.1 || >=22.0.0"
      },
      "peerDependencies": {
        "@angular/common": "18.1.1",
        "@angular/core": "18.1.1",
        "@angular/platform-browser": "18.1.1",
        "rxjs": "^6.5.3 || ^7.4.0"
      }
    },
    "node_modules/@angular/platform-browser": {
      "version": "18.1.1",
      "resolved": "https://registry.npmjs.org/@angular/platform-browser/-/platform-browser-18.1.1.tgz",
      "integrity": "sha512-9FG2+NSWJXo+zu/W7VQE0UpaWejbV62AXW7218FBZXOdkdID5oNxHf0QdJ3hCaIJw1dKZEG49BTq005d9yQbew==",
      "peer": true,
      "dependencies": {
        "tslib": "^2.3.0"
      },
      "engines": {
        "node": "^18.19.1 || ^20.11.1 || >=22.0.0"
      },
      "peerDependencies": {
        "@angular/animations": "18.1.1",
        "@angular/common": "18.1.1",
        "@angular/core": "18.1.1"
      },
      "peerDependenciesMeta": {
        "@angular/animations": {
          "optional": true
        }
      }
    },
    "node_modules/rxjs": {
      "version": "7.8.1",
      "resolved": "https://registry.npmjs.org/rxjs/-/rxjs-7.8.1.tgz",
      "integrity": "sha512-AA3TVj+0A2iuIoQkWEK/tqFjBq2j+6PO6Y0zJcvzLAFhEFIO3HL0vls9hWLncZbAAbK0mar7oZ4V079I/qPMxg==",
      "peer": true,
      "dependencies": {
        "tslib": "^2.1.0"
      }
    },
    "node_modules/tslib": {
      "version": "2.6.3",
      "resolved": "https://registry.npmjs.org/tslib/-/tslib-2.6.3.tgz",
      "integrity": "sha512-xNvxJEOUiWPGhUuUdQgAJPKOOJfGnIyKySOc09XkKsgdUV/3E2zvwZYdejjmRgPCgcym1juLH3226yA7sEFJKQ=="
    },
    "node_modules/typescript": {
      "version": "5.4.5",
      "resolved": "https://registry.npmjs.org/typescript/-/typescript-5.4.5.tgz",
      "integrity": "sha512-vcI4UpRgg81oIRUFwR0WSIHKt11nJ7SAVlYNIu+QpqeyXP+gpQJy/Z4+F0aGxSE4MqwjyXvW/TzgkLAx2AGHwQ==",
      "dev": true,
      "bin": {
        "tsc": "bin/tsc",
        "tsserver": "bin/tsserver"
      },
      "engines": {
        "node": ">=14.17"
      }
    },
    "node_modules/zone.js": {
      "version": "0.14.8",
      "resolved": "https://registry.npmjs.org/zone.js/-/zone.js-0.14.8.tgz",
      "integrity": "sha512-48uh7MnVp4/OQDuCHeFdXw5d8xwPqFTvlHgPJ1LBFb5GaustLSZV+YUH0to5ygNyGpqTsjpbpt141U/j3pCfqQ==",
      "peer": true
    }
  },
  "dependencies": {
    "@angular/common": {
      "version": "18.1.1",
      "resolved": "https://registry.npmjs.org/@angular/common/-/common-18.1.1.tgz",
      "integrity": "sha512-qNfYAapvIi8JyQToSqbg3O5dRXaElv/yNp2evvBGn4UO/liHjdNV/DzgCdyKP7uVbYrR0W3bzj++SxVR3mrATQ==",
      "peer": true,
      "requires": {
        "tslib": "^2.3.0"
      }
    },
    "@angular/core": {
      "version": "18.1.1",
      "resolved": "https://registry.npmjs.org/@angular/core/-/core-18.1.1.tgz",
      "integrity": "sha512-/JFQ49fVIthZzdggl7FOCYAjaynbkRcCyiri85kAyTIvJ6aMSIiEKwJCw45WI5ICf2HtC9kz6dr0OKhMR6SeiA==",
      "peer": true,
      "requires": {
        "tslib": "^2.3.0"
      }
    },
    "@angular/forms": {
      "version": "18.1.1",
      "resolved": "https://registry.npmjs.org/@angular/forms/-/forms-18.1.1.tgz",
      "integrity": "sha512-CceH57IKeH2Zq8QFFkcJMvBbjxVRCtqzAqSETfShWzrt+ITrz4c6EnUMbj30iz+ntn/R+qGAp3n/t0D7HtTS6Q==",
      "requires": {
        "tslib": "^2.3.0"
      }
    },
    "@angular/platform-browser": {
      "version": "18.1.1",
      "resolved": "https://registry.npmjs.org/@angular/platform-browser/-/platform-browser-18.1.1.tgz",
      "integrity": "sha512-9FG2+NSWJXo+zu/W7VQE0UpaWejbV62AXW7218FBZXOdkdID5oNxHf0QdJ3hCaIJw1dKZEG49BTq005d9yQbew==",
      "peer": true,
      "requires": {
        "tslib": "^2.3.0"
      }
    },
    "rxjs": {
      "version": "7.8.1",
      "resolved": "https://registry.npmjs.org/rxjs/-/rxjs-7.8.1.tgz",
      "integrity": "sha512-AA3TVj+0A2iuIoQkWEK/tqFjBq2j+6PO6Y0zJcvzLAFhEFIO3HL0vls9hWLncZbAAbK0mar7oZ4V079I/qPMxg==",
      "peer": true,
      "requires": {
        "tslib": "^2.1.0"
      }
    },
    "tslib": {
      "version": "2.6.3",
      "resolved": "https://registry.npmjs.org/tslib/-/tslib-2.6.3.tgz",
      "integrity": "sha512-xNvxJEOUiWPGhUuUdQgAJPKOOJfGnIyKySOc09XkKsgdUV/3E2zvwZYdejjmRgPCgcym1juLH3226yA7sEFJKQ=="
    },
    "typescript": {
      "version": "5.4.5",
      "resolved": "https://registry.npmjs.org/typescript/-/typescript-5.4.5.tgz",
      "integrity": "sha512-vcI4UpRgg81oIRUFwR0WSIHKt11nJ7SAVlYNIu+QpqeyXP+gpQJy/Z4+F0aGxSE4MqwjyXvW/TzgkLAx2AGHwQ==",
      "dev": true
    },
    "zone.js": {
      "version": "0.14.8",
      "resolved": "https://registry.npmjs.org/zone.js/-/zone.js-0.14.8.tgz",
      "integrity": "sha512-48uh7MnVp4/OQDuCHeFdXw5d8xwPqFTvlHgPJ1LBFb5GaustLSZV+YUH0to5ygNyGpqTsjpbpt141U/j3pCfqQ==",
      "peer": true
    }
  }
}
