{
  "name": "angular-typed-forms-helpers",
  "version": "1.0.0",
  "lockfileVersion": 2,
  "requires": true,
  "packages": {
    "": {
      "name": "angular-typed-forms-helpers",
      "version": "1.0.0",
      "license": "MIT",
      "dependencies": {
        "@angular/forms": "^14.0.1"
      },
      "devDependencies": {
        "typescript": "^4.7.3"
      }
    },
    "node_modules/@angular/common": {
      "version": "14.0.1",
      "resolved": "https://registry.npmjs.org/@angular/common/-/common-14.0.1.tgz",
      "integrity": "sha512-6yT95daze55H0KLag+LgQQMGV7jGy3ggcdIEEU9H+cM4rp37kz97RNGaig5p34c1f/VMg6LaDXOK4LjAebbnBw==",
      "peer": true,
      "dependencies": {
        "tslib": "^2.3.0"
      },
      "engines": {
        "node": "^14.15.0 || >=16.10.0"
      },
      "peerDependencies": {
        "@angular/core": "14.0.1",
        "rxjs": "^6.5.3 || ^7.4.0"
      }
    },
    "node_modules/@angular/core": {
      "version": "14.0.1",
      "resolved": "https://registry.npmjs.org/@angular/core/-/core-14.0.1.tgz",
      "integrity": "sha512-72/VathVpDVEIm/T87eGF9Ng9JYOfrRVJCGhPwKvbIQZzCrg07acPwjDvtifkhKEKyMxLXv+F3bClr8WYP6c4Q==",
      "peer": true,
      "dependencies": {
        "tslib": "^2.3.0"
      },
      "engines": {
        "node": "^14.15.0 || >=16.10.0"
      },
      "peerDependencies": {
        "rxjs": "^6.5.3 || ^7.4.0",
        "zone.js": "~0.11.4"
      }
    },
    "node_modules/@angular/forms": {
      "version": "14.0.1",
      "resolved": "https://registry.npmjs.org/@angular/forms/-/forms-14.0.1.tgz",
      "integrity": "sha512-QueehWD0ghfYw3TQS9DN62i6gnc+xLeJ6NFJ8fVfh9Ny4V9zFB24bUwBmwcIiZhkw/5G42tjcuUIDO9KlNtBbA==",
      "dependencies": {
        "tslib": "^2.3.0"
      },
      "engines": {
        "node": "^14.15.0 || >=16.10.0"
      },
      "peerDependencies": {
        "@angular/common": "14.0.1",
        "@angular/core": "14.0.1",
        "@angular/platform-browser": "14.0.1",
        "rxjs": "^6.5.3 || ^7.4.0"
      }
    },
    "node_modules/@angular/platform-browser": {
      "version": "14.0.1",
      "resolved": "https://registry.npmjs.org/@angular/platform-browser/-/platform-browser-14.0.1.tgz",
      "integrity": "sha512-/0xdsCbVaanP7urgMrA+9E4XYRx4Bc/AABUKy/m3C9nbl7T0C2jzuX3yGZsBpr9rzEwmImyBqExX3bKuAlMwPQ==",
      "peer": true,
      "dependencies": {
        "tslib": "^2.3.0"
      },
      "engines": {
        "node": "^14.15.0 || >=16.10.0"
      },
      "peerDependencies": {
        "@angular/animations": "14.0.1",
        "@angular/common": "14.0.1",
        "@angular/core": "14.0.1"
      },
      "peerDependenciesMeta": {
        "@angular/animations": {
          "optional": true
        }
      }
    },
    "node_modules/rxjs": {
      "version": "7.5.5",
      "resolved": "https://registry.npmjs.org/rxjs/-/rxjs-7.5.5.tgz",
      "integrity": "sha512-sy+H0pQofO95VDmFLzyaw9xNJU4KTRSwQIGM6+iG3SypAtCiLDzpeG8sJrNCWn2Up9km+KhkvTdbkrdy+yzZdw==",
      "peer": true,
      "dependencies": {
        "tslib": "^2.1.0"
      }
    },
    "node_modules/tslib": {
      "version": "2.4.0",
      "resolved": "https://registry.npmjs.org/tslib/-/tslib-2.4.0.tgz",
      "integrity": "sha512-d6xOpEDfsi2CZVlPQzGeux8XMwLT9hssAsaPYExaQMuYskwb+x1x7J371tWlbBdWHroy99KnVB6qIkUbs5X3UQ=="
    },
    "node_modules/typescript": {
      "version": "4.7.3",
      "resolved": "https://registry.npmjs.org/typescript/-/typescript-4.7.3.tgz",
      "integrity": "sha512-WOkT3XYvrpXx4vMMqlD+8R8R37fZkjyLGlxavMc4iB8lrl8L0DeTcHbYgw/v0N/z9wAFsgBhcsF0ruoySS22mA==",
      "dev": true,
      "bin": {
        "tsc": "bin/tsc",
        "tsserver": "bin/tsserver"
      },
      "engines": {
        "node": ">=4.2.0"
      }
    },
    "node_modules/zone.js": {
      "version": "0.11.5",
      "resolved": "https://registry.npmjs.org/zone.js/-/zone.js-0.11.5.tgz",
      "integrity": "sha512-D1/7VxEuQ7xk6z/kAROe4SUbd9CzxY4zOwVGnGHerd/SgLIVU5f4esDzQUsOCeArn933BZfWMKydH7l7dPEp0g==",
      "peer": true,
      "dependencies": {
        "tslib": "^2.3.0"
      }
    }
  },
  "dependencies": {
    "@angular/common": {
      "version": "14.0.1",
      "resolved": "https://registry.npmjs.org/@angular/common/-/common-14.0.1.tgz",
      "integrity": "sha512-6yT95daze55H0KLag+LgQQMGV7jGy3ggcdIEEU9H+cM4rp37kz97RNGaig5p34c1f/VMg6LaDXOK4LjAebbnBw==",
      "peer": true,
      "requires": {
        "tslib": "^2.3.0"
      }
    },
    "@angular/core": {
      "version": "14.0.1",
      "resolved": "https://registry.npmjs.org/@angular/core/-/core-14.0.1.tgz",
      "integrity": "sha512-72/VathVpDVEIm/T87eGF9Ng9JYOfrRVJCGhPwKvbIQZzCrg07acPwjDvtifkhKEKyMxLXv+F3bClr8WYP6c4Q==",
      "peer": true,
      "requires": {
        "tslib": "^2.3.0"
      }
    },
    "@angular/forms": {
      "version": "14.0.1",
      "resolved": "https://registry.npmjs.org/@angular/forms/-/forms-14.0.1.tgz",
      "integrity": "sha512-QueehWD0ghfYw3TQS9DN62i6gnc+xLeJ6NFJ8fVfh9Ny4V9zFB24bUwBmwcIiZhkw/5G42tjcuUIDO9KlNtBbA==",
      "requires": {
        "tslib": "^2.3.0"
      }
    },
    "@angular/platform-browser": {
      "version": "14.0.1",
      "resolved": "https://registry.npmjs.org/@angular/platform-browser/-/platform-browser-14.0.1.tgz",
      "integrity": "sha512-/0xdsCbVaanP7urgMrA+9E4XYRx4Bc/AABUKy/m3C9nbl7T0C2jzuX3yGZsBpr9rzEwmImyBqExX3bKuAlMwPQ==",
      "peer": true,
      "requires": {
        "tslib": "^2.3.0"
      }
    },
    "rxjs": {
      "version": "7.5.5",
      "resolved": "https://registry.npmjs.org/rxjs/-/rxjs-7.5.5.tgz",
      "integrity": "sha512-sy+H0pQofO95VDmFLzyaw9xNJU4KTRSwQIGM6+iG3SypAtCiLDzpeG8sJrNCWn2Up9km+KhkvTdbkrdy+yzZdw==",
      "peer": true,
      "requires": {
        "tslib": "^2.1.0"
      }
    },
    "tslib": {
      "version": "2.4.0",
      "resolved": "https://registry.npmjs.org/tslib/-/tslib-2.4.0.tgz",
      "integrity": "sha512-d6xOpEDfsi2CZVlPQzGeux8XMwLT9hssAsaPYExaQMuYskwb+x1x7J371tWlbBdWHroy99KnVB6qIkUbs5X3UQ=="
    },
    "typescript": {
      "version": "4.7.3",
      "resolved": "https://registry.npmjs.org/typescript/-/typescript-4.7.3.tgz",
      "integrity": "sha512-WOkT3XYvrpXx4vMMqlD+8R8R37fZkjyLGlxavMc4iB8lrl8L0DeTcHbYgw/v0N/z9wAFsgBhcsF0ruoySS22mA==",
      "dev": true
    },
    "zone.js": {
      "version": "0.11.5",
      "resolved": "https://registry.npmjs.org/zone.js/-/zone.js-0.11.5.tgz",
      "integrity": "sha512-D1/7VxEuQ7xk6z/kAROe4SUbd9CzxY4zOwVGnGHerd/SgLIVU5f4esDzQUsOCeArn933BZfWMKydH7l7dPEp0g==",
      "peer": true,
      "requires": {
        "tslib": "^2.3.0"
      }
    }
  }
}
