{
  "name": "angular-typed-forms-helpers",
  "version": "1.5.0",
  "lockfileVersion": 2,
  "requires": true,
  "packages": {
    "": {
      "dependencies": {
        "@angular/forms": "^19.0.0"
      },
      "devDependencies": {
        "typescript": "^5.5.0"
      }
    },
    "node_modules/@angular/common": {
      "version": "19.1.7",
      "resolved": "https://registry.npmjs.org/@angular/common/-/common-19.1.7.tgz",
      "integrity": "sha512-MXfUGfWeesTQ12HXgeoVIXsS+r1jZxT2FkLQtqS+NRsRD4T1vlyvD7kTI+Ku1NAjdt3mB8TJ0cZHubvmml8I+Q==",
      "license": "MIT",
      "peer": true,
      "dependencies": {
        "tslib": "^2.3.0"
      },
      "engines": {
        "node": "^18.19.1 || ^20.11.1 || >=22.0.0"
      },
      "peerDependencies": {
        "@angular/core": "19.1.7",
        "rxjs": "^6.5.3 || ^7.4.0"
      }
    },
    "node_modules/@angular/core": {
      "version": "19.1.7",
      "resolved": "https://registry.npmjs.org/@angular/core/-/core-19.1.7.tgz",
      "integrity": "sha512-P+e4ekJYWMFhWSzJav0R51bFAfUhIOmnqmG9mlI/ZONu2qcTTmyIG9AW5x1qhrMHEH42RaeK60RkKyqgcHaGDg==",
      "license": "MIT",
      "peer": true,
      "dependencies": {
        "tslib": "^2.3.0"
      },
      "engines": {
        "node": "^18.19.1 || ^20.11.1 || >=22.0.0"
      },
      "peerDependencies": {
        "rxjs": "^6.5.3 || ^7.4.0",
        "zone.js": "~0.15.0"
      }
    },
    "node_modules/@angular/forms": {
      "version": "19.1.7",
      "resolved": "https://registry.npmjs.org/@angular/forms/-/forms-19.1.7.tgz",
      "integrity": "sha512-GVOCwqIXTpZt+bE3cqkasqpEs5n/aVq04yXLgM+mvVEbmAMibZYpzfg8NARlXCH3zveqhOSTJgsllfbbb7sdDw==",
      "license": "MIT",
      "dependencies": {
        "tslib": "^2.3.0"
      },
      "engines": {
        "node": "^18.19.1 || ^20.11.1 || >=22.0.0"
      },
      "peerDependencies": {
        "@angular/common": "19.1.7",
        "@angular/core": "19.1.7",
        "@angular/platform-browser": "19.1.7",
        "rxjs": "^6.5.3 || ^7.4.0"
      }
    },
    "node_modules/@angular/platform-browser": {
      "version": "19.1.7",
      "resolved": "https://registry.npmjs.org/@angular/platform-browser/-/platform-browser-19.1.7.tgz",
      "integrity": "sha512-QKakWl+CeVVwn22yjRHBXm6BvDsHoo+9u1pJGGk2smKSYjHW6qAly28+P7FUfVXUQI7rg++M66JwzNOFfYMDQA==",
      "license": "MIT",
      "peer": true,
      "dependencies": {
        "tslib": "^2.3.0"
      },
      "engines": {
        "node": "^18.19.1 || ^20.11.1 || >=22.0.0"
      },
      "peerDependencies": {
        "@angular/animations": "19.1.7",
        "@angular/common": "19.1.7",
        "@angular/core": "19.1.7"
      },
      "peerDependenciesMeta": {
        "@angular/animations": {
          "optional": true
        }
      }
    },
    "node_modules/rxjs": {
      "version": "7.8.1",
      "resolved": "https://registry.npmjs.org/rxjs/-/rxjs-7.8.1.tgz",
      "integrity": "sha512-AA3TVj+0A2iuIoQkWEK/tqFjBq2j+6PO6Y0zJcvzLAFhEFIO3HL0vls9hWLncZbAAbK0mar7oZ4V079I/qPMxg==",
      "license": "Apache-2.0",
      "peer": true,
      "dependencies": {
        "tslib": "^2.1.0"
      }
    },
    "node_modules/tslib": {
      "version": "2.8.1",
      "resolved": "https://registry.npmjs.org/tslib/-/tslib-2.8.1.tgz",
      "integrity": "sha512-oJFu94HQb+KVduSUQL7wnpmqnfmLsOA/nAh6b6EH0wCEoK0/mPeXU6c3wKDV83MkOuHPRHtSXKKU99IBazS/2w==",
      "license": "0BSD"
    },
    "node_modules/typescript": {
      "version": "5.7.3",
      "resolved": "https://registry.npmjs.org/typescript/-/typescript-5.7.3.tgz",
      "integrity": "sha512-84MVSjMEHP+FQRPy3pX9sTVV/INIex71s9TL2Gm5FG/WG1SqXeKyZ0k7/blY/4FdOzI12CBy1vGc4og/eus0fw==",
      "dev": true,
      "license": "Apache-2.0",
      "bin": {
        "tsc": "bin/tsc",
        "tsserver": "bin/tsserver"
      },
      "engines": {
        "node": ">=14.17"
      }
    },
    "node_modules/zone.js": {
      "version": "0.15.0",
      "resolved": "https://registry.npmjs.org/zone.js/-/zone.js-0.15.0.tgz",
      "integrity": "sha512-9oxn0IIjbCZkJ67L+LkhYWRyAy7axphb3VgE2MBDlOqnmHMPWGYMxJxBYFueFq/JGY2GMwS0rU+UCLunEmy5UA==",
      "license": "MIT",
      "peer": true
    }
  },
  "dependencies": {
    "@angular/common": {
      "version": "19.1.7",
      "resolved": "https://registry.npmjs.org/@angular/common/-/common-19.1.7.tgz",
      "integrity": "sha512-MXfUGfWeesTQ12HXgeoVIXsS+r1jZxT2FkLQtqS+NRsRD4T1vlyvD7kTI+Ku1NAjdt3mB8TJ0cZHubvmml8I+Q==",
      "peer": true,
      "requires": {
        "tslib": "^2.3.0"
      }
    },
    "@angular/core": {
      "version": "19.1.7",
      "resolved": "https://registry.npmjs.org/@angular/core/-/core-19.1.7.tgz",
      "integrity": "sha512-P+e4ekJYWMFhWSzJav0R51bFAfUhIOmnqmG9mlI/ZONu2qcTTmyIG9AW5x1qhrMHEH42RaeK60RkKyqgcHaGDg==",
      "peer": true,
      "requires": {
        "tslib": "^2.3.0"
      }
    },
    "@angular/forms": {
      "version": "19.1.7",
      "resolved": "https://registry.npmjs.org/@angular/forms/-/forms-19.1.7.tgz",
      "integrity": "sha512-GVOCwqIXTpZt+bE3cqkasqpEs5n/aVq04yXLgM+mvVEbmAMibZYpzfg8NARlXCH3zveqhOSTJgsllfbbb7sdDw==",
      "requires": {
        "tslib": "^2.3.0"
      }
    },
    "@angular/platform-browser": {
      "version": "19.1.7",
      "resolved": "https://registry.npmjs.org/@angular/platform-browser/-/platform-browser-19.1.7.tgz",
      "integrity": "sha512-QKakWl+CeVVwn22yjRHBXm6BvDsHoo+9u1pJGGk2smKSYjHW6qAly28+P7FUfVXUQI7rg++M66JwzNOFfYMDQA==",
      "peer": true,
      "requires": {
        "tslib": "^2.3.0"
      }
    },
    "rxjs": {
      "version": "7.8.1",
      "resolved": "https://registry.npmjs.org/rxjs/-/rxjs-7.8.1.tgz",
      "integrity": "sha512-AA3TVj+0A2iuIoQkWEK/tqFjBq2j+6PO6Y0zJcvzLAFhEFIO3HL0vls9hWLncZbAAbK0mar7oZ4V079I/qPMxg==",
      "peer": true,
      "requires": {
        "tslib": "^2.1.0"
      }
    },
    "tslib": {
      "version": "2.8.1",
      "resolved": "https://registry.npmjs.org/tslib/-/tslib-2.8.1.tgz",
      "integrity": "sha512-oJFu94HQb+KVduSUQL7wnpmqnfmLsOA/nAh6b6EH0wCEoK0/mPeXU6c3wKDV83MkOuHPRHtSXKKU99IBazS/2w=="
    },
    "typescript": {
      "version": "5.7.3",
      "resolved": "https://registry.npmjs.org/typescript/-/typescript-5.7.3.tgz",
      "integrity": "sha512-84MVSjMEHP+FQRPy3pX9sTVV/INIex71s9TL2Gm5FG/WG1SqXeKyZ0k7/blY/4FdOzI12CBy1vGc4og/eus0fw==",
      "dev": true
    },
    "zone.js": {
      "version": "0.15.0",
      "resolved": "https://registry.npmjs.org/zone.js/-/zone.js-0.15.0.tgz",
      "integrity": "sha512-9oxn0IIjbCZkJ67L+LkhYWRyAy7axphb3VgE2MBDlOqnmHMPWGYMxJxBYFueFq/JGY2GMwS0rU+UCLunEmy5UA==",
      "peer": true
    }
  }
}
